
Microsoft Visual Studio Solution File, Format Version 12.00
# Visual Studio Version 17
VisualStudioVersion = 17.5.33424.131
MinimumVisualStudioVersion = 10.0.40219.1
Project("{FAE04EC0-301F-11D3-BF4B-00C04F79EFBC}") = "BookRentalService", "BookRentalService\BookRentalService.csproj", "{BBE8FBDF-17ED-4BC8-9E6E-00B3CF0BDDF5}"
EndProject
Global
	GlobalSection(SolutionConfigurationPlatforms) = preSolution
		Debug|Any CPU = Debug|Any CPU
		Release|Any CPU = Release|Any CPU
	EndGlobalSection
	GlobalSection(ProjectConfigurationPlatforms) = postSolution
		{BBE8FBDF-17ED-4BC8-9E6E-00B3CF0BDDF5}.Debug|Any CPU.ActiveCfg = Debug|Any CPU
		{BBE8FBDF-17ED-4BC8-9E6E-00B3CF0BDDF5}.Debug|Any CPU.Build.0 = Debug|Any CPU
		{BBE8FBDF-17ED-4BC8-9E6E-00B3CF0BDDF5}.Release|Any CPU.ActiveCfg = Release|Any CPU
		{BBE8FBDF-17ED-4BC8-9E6E-00B3CF0BDDF5}.Release|Any CPU.Build.0 = Release|Any CPU
	EndGlobalSection
	GlobalSection(SolutionProperties) = preSolution
		HideSolutionNode = FALSE
	EndGlobalSection
	GlobalSection(ExtensibilityGlobals) = postSolution
		SolutionGuid = {3EFD2BD0-FCF4-4C13-A724-5C7107916FF3}
	EndGlobalSection
EndGlobal
